
Microsoft Visual Studio Solution File, Format Version 12.00
# Visual Studio Version 17
VisualStudioVersion = 17.2.32630.192
MinimumVisualStudioVersion = 10.0.40219.1
Project("{FAE04EC0-301F-11D3-BF4B-00C04F79EFBC}") = "DevBuildAssessment1", "DevBuildAssessment1\DevBuildAssessment1.csproj", "{F4E034A4-3E5F-4A26-86A7-EFAB054F4221}"
EndProject
Global
	GlobalSection(SolutionConfigurationPlatforms) = preSolution
		Debug|Any CPU = Debug|Any CPU
		Release|Any CPU = Release|Any CPU
	EndGlobalSection
	GlobalSection(ProjectConfigurationPlatforms) = postSolution
		{F4E034A4-3E5F-4A26-86A7-EFAB054F4221}.Debug|Any CPU.ActiveCfg = Debug|Any CPU
		{F4E034A4-3E5F-4A26-86A7-EFAB054F4221}.Debug|Any CPU.Build.0 = Debug|Any CPU
		{F4E034A4-3E5F-4A26-86A7-EFAB054F4221}.Release|Any CPU.ActiveCfg = Release|Any CPU
		{F4E034A4-3E5F-4A26-86A7-EFAB054F4221}.Release|Any CPU.Build.0 = Release|Any CPU
	EndGlobalSection
	GlobalSection(SolutionProperties) = preSolution
		HideSolutionNode = FALSE
	EndGlobalSection
	GlobalSection(ExtensibilityGlobals) = postSolution
		SolutionGuid = {5A562B14-20DF-4010-A9AB-0D2C28C1FE66}
	EndGlobalSection
EndGlobal
