
Microsoft Visual Studio Solution File, Format Version 12.00
# Visual Studio Version 17
VisualStudioVersion = 17.2.32630.192
MinimumVisualStudioVersion = 10.0.40219.1
Project("{9A19103F-16F7-4668-BE54-9A1E7A4F7556}") = "Exercise4", "Exercises\Exercise4.csproj", "{F798B416-ACE2-4672-B235-63DF11716290}"
EndProject
Project("{9A19103F-16F7-4668-BE54-9A1E7A4F7556}") = "Exercise5", "Exercise5\Exercise5.csproj", "{A775582D-C5AB-4DB8-B8B1-1C429ECC86AA}"
EndProject
Project("{9A19103F-16F7-4668-BE54-9A1E7A4F7556}") = "Exercise6", "Exercise6\Exercise6.csproj", "{00C91E91-F75E-485D-80E9-11C15F1DE031}"
EndProject
Project("{9A19103F-16F7-4668-BE54-9A1E7A4F7556}") = "Exercise1", "Exercise1\Exercise1.csproj", "{BA84190E-2022-49FC-A157-37E0A752DB2F}"
EndProject
Project("{9A19103F-16F7-4668-BE54-9A1E7A4F7556}") = "Exercise2", "Exercise2\Exercise2.csproj", "{40B3CD07-FE0E-4184-9564-81C95D43B355}"
EndProject
Project("{9A19103F-16F7-4668-BE54-9A1E7A4F7556}") = "Exercise3", "Exercise3\Exercise3.csproj", "{025554A0-74EE-4D01-871A-179988A49E2C}"
EndProject
Project("{9A19103F-16F7-4668-BE54-9A1E7A4F7556}") = "Exercise7", "Exercise7\Exercise7.csproj", "{AEF1905F-D08F-40C5-8341-1BED40D097B5}"
EndProject
Project("{9A19103F-16F7-4668-BE54-9A1E7A4F7556}") = "Exercise8updated", "Exercise8updated\Exercise8updated.csproj", "{84C61D37-EBF6-44F5-8E91-7166FBE7A856}"
EndProject
Project("{9A19103F-16F7-4668-BE54-9A1E7A4F7556}") = "Exercise9", "Exercise9\Exercise9.csproj", "{97B20B5B-8AD8-407B-8DAC-8F2CA0773933}"
EndProject
Project("{9A19103F-16F7-4668-BE54-9A1E7A4F7556}") = "Exercise10", "Exercise10\Exercise10.csproj", "{86562304-9029-4AE2-B986-5764C7622581}"
EndProject
Project("{9A19103F-16F7-4668-BE54-9A1E7A4F7556}") = "Exercise11", "Exercise11\Exercise11.csproj", "{D98E4ECD-8005-4604-8EAE-D033C3062F97}"
EndProject
Project("{9A19103F-16F7-4668-BE54-9A1E7A4F7556}") = "Exercise12", "Exercise12\Exercise12.csproj", "{ADA3C4FC-E52B-4BD6-BFB2-974A8CB75BAC}"
EndProject
Project("{9A19103F-16F7-4668-BE54-9A1E7A4F7556}") = "Exercise13", "Exercise13\Exercise13.csproj", "{FE0C8823-6411-4E4C-B8A4-4160F764618B}"
EndProject
Project("{9A19103F-16F7-4668-BE54-9A1E7A4F7556}") = "Exercise14", "Exercise14\Exercise14.csproj", "{38D49E33-2784-4BE0-9BFD-7E49BB3F682D}"
EndProject
Project("{9A19103F-16F7-4668-BE54-9A1E7A4F7556}") = "Exercise15", "Exercise15\Exercise15.csproj", "{86614340-1259-4C68-874E-75CA51DA9839}"
EndProject
Project("{9A19103F-16F7-4668-BE54-9A1E7A4F7556}") = "Exercise16", "Exercise16\Exercise16.csproj", "{998A78B4-6317-4896-BA2D-D8FF8FC31E51}"
EndProject
Project("{9A19103F-16F7-4668-BE54-9A1E7A4F7556}") = "Exercise17", "Exercise17\Exercise17.csproj", "{0D556EA5-06C8-4BA8-A56C-0FF4960E8629}"
EndProject
Project("{9A19103F-16F7-4668-BE54-9A1E7A4F7556}") = "Exercise18", "Exercise18\Exercise18.csproj", "{F56035E7-8616-4875-843C-BADC8EC3531C}"
EndProject
Project("{9A19103F-16F7-4668-BE54-9A1E7A4F7556}") = "Exercise19", "Exercise19\Exercise19.csproj", "{2C3E2286-0E6E-4F84-A4DB-92C37F5D2026}"
EndProject
Project("{9A19103F-16F7-4668-BE54-9A1E7A4F7556}") = "Exercise20", "Exercise20\Exercise20.csproj", "{DDEF5A12-4282-4FEC-B8D2-D67A26C41EA1}"
EndProject
Project("{9A19103F-16F7-4668-BE54-9A1E7A4F7556}") = "Exercise21", "Exercise21\Exercise21.csproj", "{706F7D7C-8807-4BE0-9C72-A024AAD34E88}"
EndProject
Project("{9A19103F-16F7-4668-BE54-9A1E7A4F7556}") = "Exercise22", "Exercise22\Exercise22.csproj", "{267A7541-B2F8-4659-81C6-C8C3881A9382}"
EndProject
Project("{9A19103F-16F7-4668-BE54-9A1E7A4F7556}") = "Exercise32", "Exercise32\Exercise32.csproj", "{A8BE938E-C6B5-4D1A-B39B-F7F759A6899B}"
EndProject
Project("{9A19103F-16F7-4668-BE54-9A1E7A4F7556}") = "Exercise36", "Exercise36\Exercise36.csproj", "{08BA756B-0733-4ADD-8CC1-0EB85D8FC559}"
EndProject
Project("{9A19103F-16F7-4668-BE54-9A1E7A4F7556}") = "Exercise23", "Exercise23\Exercise23.csproj", "{FBE9F6A5-82EB-4F88-91E9-3E380DE258C4}"
EndProject
Project("{9A19103F-16F7-4668-BE54-9A1E7A4F7556}") = "Exercise24", "Exercise24\Exercise24.csproj", "{AC4BCD49-CF61-40E7-AA4A-739FEDE0F236}"
EndProject
Project("{9A19103F-16F7-4668-BE54-9A1E7A4F7556}") = "Exercise25", "Exercise25\Exercise25.csproj", "{96F581D4-3489-404E-95DF-1B7F08AF69F4}"
EndProject
Project("{9A19103F-16F7-4668-BE54-9A1E7A4F7556}") = "Exercise26", "Exercise26\Exercise26.csproj", "{7BD37E93-C47D-4AAE-A412-EBBCC0A48F5A}"
EndProject
Project("{9A19103F-16F7-4668-BE54-9A1E7A4F7556}") = "Exercise27", "Exercise27\Exercise27.csproj", "{72A035B2-E51F-42B4-9C20-46688A4BF648}"
EndProject
Project("{9A19103F-16F7-4668-BE54-9A1E7A4F7556}") = "Exercise28", "Exercise28\Exercise28.csproj", "{9D0BFAAF-8D74-419E-913A-140B3704DDE0}"
EndProject
Project("{9A19103F-16F7-4668-BE54-9A1E7A4F7556}") = "Exercise29", "Exercise29\Exercise29.csproj", "{8CE514B9-3C08-4E14-9E54-D1B6C70B81F2}"
EndProject
Project("{9A19103F-16F7-4668-BE54-9A1E7A4F7556}") = "Exercise30", "Exercise30\Exercise30.csproj", "{1F70B691-53C0-4A37-8193-4113FC719DAA}"
EndProject
Project("{9A19103F-16F7-4668-BE54-9A1E7A4F7556}") = "Exercise31", "Exercise31\Exercise31.csproj", "{5CF02B91-796B-406E-8F57-A3F42F30D958}"
EndProject
Project("{9A19103F-16F7-4668-BE54-9A1E7A4F7556}") = "Exercise33", "Exercise33\Exercise33.csproj", "{B5DB0A50-FE4A-423B-82CA-702A535B0F97}"
EndProject
Project("{9A19103F-16F7-4668-BE54-9A1E7A4F7556}") = "Exercise34", "Exercise34\Exercise34.csproj", "{CB83717F-F582-4EFC-9A10-603027A74511}"
EndProject
Project("{9A19103F-16F7-4668-BE54-9A1E7A4F7556}") = "Exercise37", "Exercise37\Exercise37.csproj", "{21ACECB3-0BC1-4CF5-8AED-57F6C7B155E9}"
EndProject
Project("{9A19103F-16F7-4668-BE54-9A1E7A4F7556}") = "Exercise38", "Exercise38\Exercise38.csproj", "{CFB66FD9-C9C8-45B2-ABDF-C5B212471805}"
EndProject
Project("{9A19103F-16F7-4668-BE54-9A1E7A4F7556}") = "Exercise39", "Exercise39\Exercise39.csproj", "{ADFA126A-9063-4040-9D6F-BFCABB7745A5}"
EndProject
Project("{9A19103F-16F7-4668-BE54-9A1E7A4F7556}") = "Exercise40", "Exercise40\Exercise40.csproj", "{273296F6-4045-4F1B-873E-C294A5D2F67E}"
EndProject
Project("{9A19103F-16F7-4668-BE54-9A1E7A4F7556}") = "Exercise41", "Exercise41\Exercise41.csproj", "{A9C868DC-4CA4-483D-B06D-24380D90DAFE}"
EndProject
Project("{9A19103F-16F7-4668-BE54-9A1E7A4F7556}") = "Exercise42", "Exercise43\Exercise42.csproj", "{F1385366-6ED8-497D-8695-6816AB5AF185}"
EndProject
Project("{9A19103F-16F7-4668-BE54-9A1E7A4F7556}") = "Exercise43N", "Exercise43N\Exercise43N.csproj", "{A7F61E7F-CD6A-4934-AD39-142295680255}"
EndProject
Project("{9A19103F-16F7-4668-BE54-9A1E7A4F7556}") = "Exercise44", "Exercise44\Exercise44.csproj", "{7520D3F4-267E-48D3-A413-78A9031D4EF5}"
EndProject
Project("{9A19103F-16F7-4668-BE54-9A1E7A4F7556}") = "Exercise45", "Exercise45\Exercise45.csproj", "{287404BF-4DC5-4480-AE1B-87036888383F}"
EndProject
Project("{9A19103F-16F7-4668-BE54-9A1E7A4F7556}") = "Exercise46", "Exercise46\Exercise46.csproj", "{261F4381-39B4-4D97-97C1-39C8F4519B11}"
EndProject
Project("{9A19103F-16F7-4668-BE54-9A1E7A4F7556}") = "Exercise47", "Exercise47\Exercise47.csproj", "{7D78ED03-0CCF-468D-A016-049E4095903E}"
EndProject
Project("{9A19103F-16F7-4668-BE54-9A1E7A4F7556}") = "Exercise48", "Exercise48\Exercise48.csproj", "{4821549C-8B9F-43BE-A607-4165A36B953A}"
EndProject
Project("{FAE04EC0-301F-11D3-BF4B-00C04F79EFBC}") = "Exercise49", "Exercise49\Exercise49.csproj", "{76C37C36-4360-4E98-B57A-5838021AF45B}"
EndProject
Global
	GlobalSection(SolutionConfigurationPlatforms) = preSolution
		Debug|Any CPU = Debug|Any CPU
		Release|Any CPU = Release|Any CPU
	EndGlobalSection
	GlobalSection(ProjectConfigurationPlatforms) = postSolution
		{F798B416-ACE2-4672-B235-63DF11716290}.Debug|Any CPU.ActiveCfg = Debug|Any CPU
		{F798B416-ACE2-4672-B235-63DF11716290}.Debug|Any CPU.Build.0 = Debug|Any CPU
		{F798B416-ACE2-4672-B235-63DF11716290}.Release|Any CPU.ActiveCfg = Release|Any CPU
		{F798B416-ACE2-4672-B235-63DF11716290}.Release|Any CPU.Build.0 = Release|Any CPU
		{A775582D-C5AB-4DB8-B8B1-1C429ECC86AA}.Debug|Any CPU.ActiveCfg = Debug|Any CPU
		{A775582D-C5AB-4DB8-B8B1-1C429ECC86AA}.Debug|Any CPU.Build.0 = Debug|Any CPU
		{A775582D-C5AB-4DB8-B8B1-1C429ECC86AA}.Release|Any CPU.ActiveCfg = Release|Any CPU
		{A775582D-C5AB-4DB8-B8B1-1C429ECC86AA}.Release|Any CPU.Build.0 = Release|Any CPU
		{00C91E91-F75E-485D-80E9-11C15F1DE031}.Debug|Any CPU.ActiveCfg = Debug|Any CPU
		{00C91E91-F75E-485D-80E9-11C15F1DE031}.Debug|Any CPU.Build.0 = Debug|Any CPU
		{00C91E91-F75E-485D-80E9-11C15F1DE031}.Release|Any CPU.ActiveCfg = Release|Any CPU
		{00C91E91-F75E-485D-80E9-11C15F1DE031}.Release|Any CPU.Build.0 = Release|Any CPU
		{BA84190E-2022-49FC-A157-37E0A752DB2F}.Debug|Any CPU.ActiveCfg = Debug|Any CPU
		{BA84190E-2022-49FC-A157-37E0A752DB2F}.Debug|Any CPU.Build.0 = Debug|Any CPU
		{BA84190E-2022-49FC-A157-37E0A752DB2F}.Release|Any CPU.ActiveCfg = Release|Any CPU
		{BA84190E-2022-49FC-A157-37E0A752DB2F}.Release|Any CPU.Build.0 = Release|Any CPU
		{40B3CD07-FE0E-4184-9564-81C95D43B355}.Debug|Any CPU.ActiveCfg = Debug|Any CPU
		{40B3CD07-FE0E-4184-9564-81C95D43B355}.Debug|Any CPU.Build.0 = Debug|Any CPU
		{40B3CD07-FE0E-4184-9564-81C95D43B355}.Release|Any CPU.ActiveCfg = Release|Any CPU
		{40B3CD07-FE0E-4184-9564-81C95D43B355}.Release|Any CPU.Build.0 = Release|Any CPU
		{025554A0-74EE-4D01-871A-179988A49E2C}.Debug|Any CPU.ActiveCfg = Debug|Any CPU
		{025554A0-74EE-4D01-871A-179988A49E2C}.Debug|Any CPU.Build.0 = Debug|Any CPU
		{025554A0-74EE-4D01-871A-179988A49E2C}.Release|Any CPU.ActiveCfg = Release|Any CPU
		{025554A0-74EE-4D01-871A-179988A49E2C}.Release|Any CPU.Build.0 = Release|Any CPU
		{AEF1905F-D08F-40C5-8341-1BED40D097B5}.Debug|Any CPU.ActiveCfg = Debug|Any CPU
		{AEF1905F-D08F-40C5-8341-1BED40D097B5}.Debug|Any CPU.Build.0 = Debug|Any CPU
		{AEF1905F-D08F-40C5-8341-1BED40D097B5}.Release|Any CPU.ActiveCfg = Release|Any CPU
		{AEF1905F-D08F-40C5-8341-1BED40D097B5}.Release|Any CPU.Build.0 = Release|Any CPU
		{84C61D37-EBF6-44F5-8E91-7166FBE7A856}.Debug|Any CPU.ActiveCfg = Debug|Any CPU
		{84C61D37-EBF6-44F5-8E91-7166FBE7A856}.Debug|Any CPU.Build.0 = Debug|Any CPU
		{84C61D37-EBF6-44F5-8E91-7166FBE7A856}.Release|Any CPU.ActiveCfg = Release|Any CPU
		{84C61D37-EBF6-44F5-8E91-7166FBE7A856}.Release|Any CPU.Build.0 = Release|Any CPU
		{97B20B5B-8AD8-407B-8DAC-8F2CA0773933}.Debug|Any CPU.ActiveCfg = Debug|Any CPU
		{97B20B5B-8AD8-407B-8DAC-8F2CA0773933}.Debug|Any CPU.Build.0 = Debug|Any CPU
		{97B20B5B-8AD8-407B-8DAC-8F2CA0773933}.Release|Any CPU.ActiveCfg = Release|Any CPU
		{97B20B5B-8AD8-407B-8DAC-8F2CA0773933}.Release|Any CPU.Build.0 = Release|Any CPU
		{86562304-9029-4AE2-B986-5764C7622581}.Debug|Any CPU.ActiveCfg = Debug|Any CPU
		{86562304-9029-4AE2-B986-5764C7622581}.Debug|Any CPU.Build.0 = Debug|Any CPU
		{86562304-9029-4AE2-B986-5764C7622581}.Release|Any CPU.ActiveCfg = Release|Any CPU
		{86562304-9029-4AE2-B986-5764C7622581}.Release|Any CPU.Build.0 = Release|Any CPU
		{D98E4ECD-8005-4604-8EAE-D033C3062F97}.Debug|Any CPU.ActiveCfg = Debug|Any CPU
		{D98E4ECD-8005-4604-8EAE-D033C3062F97}.Debug|Any CPU.Build.0 = Debug|Any CPU
		{D98E4ECD-8005-4604-8EAE-D033C3062F97}.Release|Any CPU.ActiveCfg = Release|Any CPU
		{D98E4ECD-8005-4604-8EAE-D033C3062F97}.Release|Any CPU.Build.0 = Release|Any CPU
		{ADA3C4FC-E52B-4BD6-BFB2-974A8CB75BAC}.Debug|Any CPU.ActiveCfg = Debug|Any CPU
		{ADA3C4FC-E52B-4BD6-BFB2-974A8CB75BAC}.Debug|Any CPU.Build.0 = Debug|Any CPU
		{ADA3C4FC-E52B-4BD6-BFB2-974A8CB75BAC}.Release|Any CPU.ActiveCfg = Release|Any CPU
		{ADA3C4FC-E52B-4BD6-BFB2-974A8CB75BAC}.Release|Any CPU.Build.0 = Release|Any CPU
		{FE0C8823-6411-4E4C-B8A4-4160F764618B}.Debug|Any CPU.ActiveCfg = Debug|Any CPU
		{FE0C8823-6411-4E4C-B8A4-4160F764618B}.Debug|Any CPU.Build.0 = Debug|Any CPU
		{FE0C8823-6411-4E4C-B8A4-4160F764618B}.Release|Any CPU.ActiveCfg = Release|Any CPU
		{FE0C8823-6411-4E4C-B8A4-4160F764618B}.Release|Any CPU.Build.0 = Release|Any CPU
		{38D49E33-2784-4BE0-9BFD-7E49BB3F682D}.Debug|Any CPU.ActiveCfg = Debug|Any CPU
		{38D49E33-2784-4BE0-9BFD-7E49BB3F682D}.Debug|Any CPU.Build.0 = Debug|Any CPU
		{38D49E33-2784-4BE0-9BFD-7E49BB3F682D}.Release|Any CPU.ActiveCfg = Release|Any CPU
		{38D49E33-2784-4BE0-9BFD-7E49BB3F682D}.Release|Any CPU.Build.0 = Release|Any CPU
		{86614340-1259-4C68-874E-75CA51DA9839}.Debug|Any CPU.ActiveCfg = Debug|Any CPU
		{86614340-1259-4C68-874E-75CA51DA9839}.Debug|Any CPU.Build.0 = Debug|Any CPU
		{86614340-1259-4C68-874E-75CA51DA9839}.Release|Any CPU.ActiveCfg = Release|Any CPU
		{86614340-1259-4C68-874E-75CA51DA9839}.Release|Any CPU.Build.0 = Release|Any CPU
		{998A78B4-6317-4896-BA2D-D8FF8FC31E51}.Debug|Any CPU.ActiveCfg = Debug|Any CPU
		{998A78B4-6317-4896-BA2D-D8FF8FC31E51}.Debug|Any CPU.Build.0 = Debug|Any CPU
		{998A78B4-6317-4896-BA2D-D8FF8FC31E51}.Release|Any CPU.ActiveCfg = Release|Any CPU
		{998A78B4-6317-4896-BA2D-D8FF8FC31E51}.Release|Any CPU.Build.0 = Release|Any CPU
		{0D556EA5-06C8-4BA8-A56C-0FF4960E8629}.Debug|Any CPU.ActiveCfg = Debug|Any CPU
		{0D556EA5-06C8-4BA8-A56C-0FF4960E8629}.Debug|Any CPU.Build.0 = Debug|Any CPU
		{0D556EA5-06C8-4BA8-A56C-0FF4960E8629}.Release|Any CPU.ActiveCfg = Release|Any CPU
		{0D556EA5-06C8-4BA8-A56C-0FF4960E8629}.Release|Any CPU.Build.0 = Release|Any CPU
		{F56035E7-8616-4875-843C-BADC8EC3531C}.Debug|Any CPU.ActiveCfg = Debug|Any CPU
		{F56035E7-8616-4875-843C-BADC8EC3531C}.Debug|Any CPU.Build.0 = Debug|Any CPU
		{F56035E7-8616-4875-843C-BADC8EC3531C}.Release|Any CPU.ActiveCfg = Release|Any CPU
		{F56035E7-8616-4875-843C-BADC8EC3531C}.Release|Any CPU.Build.0 = Release|Any CPU
		{2C3E2286-0E6E-4F84-A4DB-92C37F5D2026}.Debug|Any CPU.ActiveCfg = Debug|Any CPU
		{2C3E2286-0E6E-4F84-A4DB-92C37F5D2026}.Debug|Any CPU.Build.0 = Debug|Any CPU
		{2C3E2286-0E6E-4F84-A4DB-92C37F5D2026}.Release|Any CPU.ActiveCfg = Release|Any CPU
		{2C3E2286-0E6E-4F84-A4DB-92C37F5D2026}.Release|Any CPU.Build.0 = Release|Any CPU
		{DDEF5A12-4282-4FEC-B8D2-D67A26C41EA1}.Debug|Any CPU.ActiveCfg = Debug|Any CPU
		{DDEF5A12-4282-4FEC-B8D2-D67A26C41EA1}.Debug|Any CPU.Build.0 = Debug|Any CPU
		{DDEF5A12-4282-4FEC-B8D2-D67A26C41EA1}.Release|Any CPU.ActiveCfg = Release|Any CPU
		{DDEF5A12-4282-4FEC-B8D2-D67A26C41EA1}.Release|Any CPU.Build.0 = Release|Any CPU
		{706F7D7C-8807-4BE0-9C72-A024AAD34E88}.Debug|Any CPU.ActiveCfg = Debug|Any CPU
		{706F7D7C-8807-4BE0-9C72-A024AAD34E88}.Debug|Any CPU.Build.0 = Debug|Any CPU
		{706F7D7C-8807-4BE0-9C72-A024AAD34E88}.Release|Any CPU.ActiveCfg = Release|Any CPU
		{706F7D7C-8807-4BE0-9C72-A024AAD34E88}.Release|Any CPU.Build.0 = Release|Any CPU
		{267A7541-B2F8-4659-81C6-C8C3881A9382}.Debug|Any CPU.ActiveCfg = Debug|Any CPU
		{267A7541-B2F8-4659-81C6-C8C3881A9382}.Debug|Any CPU.Build.0 = Debug|Any CPU
		{267A7541-B2F8-4659-81C6-C8C3881A9382}.Release|Any CPU.ActiveCfg = Release|Any CPU
		{267A7541-B2F8-4659-81C6-C8C3881A9382}.Release|Any CPU.Build.0 = Release|Any CPU
		{A8BE938E-C6B5-4D1A-B39B-F7F759A6899B}.Debug|Any CPU.ActiveCfg = Debug|Any CPU
		{A8BE938E-C6B5-4D1A-B39B-F7F759A6899B}.Debug|Any CPU.Build.0 = Debug|Any CPU
		{A8BE938E-C6B5-4D1A-B39B-F7F759A6899B}.Release|Any CPU.ActiveCfg = Release|Any CPU
		{A8BE938E-C6B5-4D1A-B39B-F7F759A6899B}.Release|Any CPU.Build.0 = Release|Any CPU
		{08BA756B-0733-4ADD-8CC1-0EB85D8FC559}.Debug|Any CPU.ActiveCfg = Debug|Any CPU
		{08BA756B-0733-4ADD-8CC1-0EB85D8FC559}.Debug|Any CPU.Build.0 = Debug|Any CPU
		{08BA756B-0733-4ADD-8CC1-0EB85D8FC559}.Release|Any CPU.ActiveCfg = Release|Any CPU
		{08BA756B-0733-4ADD-8CC1-0EB85D8FC559}.Release|Any CPU.Build.0 = Release|Any CPU
		{FBE9F6A5-82EB-4F88-91E9-3E380DE258C4}.Debug|Any CPU.ActiveCfg = Debug|Any CPU
		{FBE9F6A5-82EB-4F88-91E9-3E380DE258C4}.Debug|Any CPU.Build.0 = Debug|Any CPU
		{FBE9F6A5-82EB-4F88-91E9-3E380DE258C4}.Release|Any CPU.ActiveCfg = Release|Any CPU
		{FBE9F6A5-82EB-4F88-91E9-3E380DE258C4}.Release|Any CPU.Build.0 = Release|Any CPU
		{AC4BCD49-CF61-40E7-AA4A-739FEDE0F236}.Debug|Any CPU.ActiveCfg = Debug|Any CPU
		{AC4BCD49-CF61-40E7-AA4A-739FEDE0F236}.Debug|Any CPU.Build.0 = Debug|Any CPU
		{AC4BCD49-CF61-40E7-AA4A-739FEDE0F236}.Release|Any CPU.ActiveCfg = Release|Any CPU
		{AC4BCD49-CF61-40E7-AA4A-739FEDE0F236}.Release|Any CPU.Build.0 = Release|Any CPU
		{96F581D4-3489-404E-95DF-1B7F08AF69F4}.Debug|Any CPU.ActiveCfg = Debug|Any CPU
		{96F581D4-3489-404E-95DF-1B7F08AF69F4}.Debug|Any CPU.Build.0 = Debug|Any CPU
		{96F581D4-3489-404E-95DF-1B7F08AF69F4}.Release|Any CPU.ActiveCfg = Release|Any CPU
		{96F581D4-3489-404E-95DF-1B7F08AF69F4}.Release|Any CPU.Build.0 = Release|Any CPU
		{7BD37E93-C47D-4AAE-A412-EBBCC0A48F5A}.Debug|Any CPU.ActiveCfg = Debug|Any CPU
		{7BD37E93-C47D-4AAE-A412-EBBCC0A48F5A}.Debug|Any CPU.Build.0 = Debug|Any CPU
		{7BD37E93-C47D-4AAE-A412-EBBCC0A48F5A}.Release|Any CPU.ActiveCfg = Release|Any CPU
		{7BD37E93-C47D-4AAE-A412-EBBCC0A48F5A}.Release|Any CPU.Build.0 = Release|Any CPU
		{72A035B2-E51F-42B4-9C20-46688A4BF648}.Debug|Any CPU.ActiveCfg = Debug|Any CPU
		{72A035B2-E51F-42B4-9C20-46688A4BF648}.Debug|Any CPU.Build.0 = Debug|Any CPU
		{72A035B2-E51F-42B4-9C20-46688A4BF648}.Release|Any CPU.ActiveCfg = Release|Any CPU
		{72A035B2-E51F-42B4-9C20-46688A4BF648}.Release|Any CPU.Build.0 = Release|Any CPU
		{9D0BFAAF-8D74-419E-913A-140B3704DDE0}.Debug|Any CPU.ActiveCfg = Debug|Any CPU
		{9D0BFAAF-8D74-419E-913A-140B3704DDE0}.Debug|Any CPU.Build.0 = Debug|Any CPU
		{9D0BFAAF-8D74-419E-913A-140B3704DDE0}.Release|Any CPU.ActiveCfg = Release|Any CPU
		{9D0BFAAF-8D74-419E-913A-140B3704DDE0}.Release|Any CPU.Build.0 = Release|Any CPU
		{8CE514B9-3C08-4E14-9E54-D1B6C70B81F2}.Debug|Any CPU.ActiveCfg = Debug|Any CPU
		{8CE514B9-3C08-4E14-9E54-D1B6C70B81F2}.Debug|Any CPU.Build.0 = Debug|Any CPU
		{8CE514B9-3C08-4E14-9E54-D1B6C70B81F2}.Release|Any CPU.ActiveCfg = Release|Any CPU
		{8CE514B9-3C08-4E14-9E54-D1B6C70B81F2}.Release|Any CPU.Build.0 = Release|Any CPU
		{1F70B691-53C0-4A37-8193-4113FC719DAA}.Debug|Any CPU.ActiveCfg = Debug|Any CPU
		{1F70B691-53C0-4A37-8193-4113FC719DAA}.Debug|Any CPU.Build.0 = Debug|Any CPU
		{1F70B691-53C0-4A37-8193-4113FC719DAA}.Release|Any CPU.ActiveCfg = Release|Any CPU
		{1F70B691-53C0-4A37-8193-4113FC719DAA}.Release|Any CPU.Build.0 = Release|Any CPU
		{5CF02B91-796B-406E-8F57-A3F42F30D958}.Debug|Any CPU.ActiveCfg = Debug|Any CPU
		{5CF02B91-796B-406E-8F57-A3F42F30D958}.Debug|Any CPU.Build.0 = Debug|Any CPU
		{5CF02B91-796B-406E-8F57-A3F42F30D958}.Release|Any CPU.ActiveCfg = Release|Any CPU
		{5CF02B91-796B-406E-8F57-A3F42F30D958}.Release|Any CPU.Build.0 = Release|Any CPU
		{B5DB0A50-FE4A-423B-82CA-702A535B0F97}.Debug|Any CPU.ActiveCfg = Debug|Any CPU
		{B5DB0A50-FE4A-423B-82CA-702A535B0F97}.Debug|Any CPU.Build.0 = Debug|Any CPU
		{B5DB0A50-FE4A-423B-82CA-702A535B0F97}.Release|Any CPU.ActiveCfg = Release|Any CPU
		{B5DB0A50-FE4A-423B-82CA-702A535B0F97}.Release|Any CPU.Build.0 = Release|Any CPU
		{CB83717F-F582-4EFC-9A10-603027A74511}.Debug|Any CPU.ActiveCfg = Debug|Any CPU
		{CB83717F-F582-4EFC-9A10-603027A74511}.Debug|Any CPU.Build.0 = Debug|Any CPU
		{CB83717F-F582-4EFC-9A10-603027A74511}.Release|Any CPU.ActiveCfg = Release|Any CPU
		{CB83717F-F582-4EFC-9A10-603027A74511}.Release|Any CPU.Build.0 = Release|Any CPU
		{21ACECB3-0BC1-4CF5-8AED-57F6C7B155E9}.Debug|Any CPU.ActiveCfg = Debug|Any CPU
		{21ACECB3-0BC1-4CF5-8AED-57F6C7B155E9}.Debug|Any CPU.Build.0 = Debug|Any CPU
		{21ACECB3-0BC1-4CF5-8AED-57F6C7B155E9}.Release|Any CPU.ActiveCfg = Release|Any CPU
		{21ACECB3-0BC1-4CF5-8AED-57F6C7B155E9}.Release|Any CPU.Build.0 = Release|Any CPU
		{CFB66FD9-C9C8-45B2-ABDF-C5B212471805}.Debug|Any CPU.ActiveCfg = Debug|Any CPU
		{CFB66FD9-C9C8-45B2-ABDF-C5B212471805}.Debug|Any CPU.Build.0 = Debug|Any CPU
		{CFB66FD9-C9C8-45B2-ABDF-C5B212471805}.Release|Any CPU.ActiveCfg = Release|Any CPU
		{CFB66FD9-C9C8-45B2-ABDF-C5B212471805}.Release|Any CPU.Build.0 = Release|Any CPU
		{ADFA126A-9063-4040-9D6F-BFCABB7745A5}.Debug|Any CPU.ActiveCfg = Debug|Any CPU
		{ADFA126A-9063-4040-9D6F-BFCABB7745A5}.Debug|Any CPU.Build.0 = Debug|Any CPU
		{ADFA126A-9063-4040-9D6F-BFCABB7745A5}.Release|Any CPU.ActiveCfg = Release|Any CPU
		{ADFA126A-9063-4040-9D6F-BFCABB7745A5}.Release|Any CPU.Build.0 = Release|Any CPU
		{273296F6-4045-4F1B-873E-C294A5D2F67E}.Debug|Any CPU.ActiveCfg = Debug|Any CPU
		{273296F6-4045-4F1B-873E-C294A5D2F67E}.Debug|Any CPU.Build.0 = Debug|Any CPU
		{273296F6-4045-4F1B-873E-C294A5D2F67E}.Release|Any CPU.ActiveCfg = Release|Any CPU
		{273296F6-4045-4F1B-873E-C294A5D2F67E}.Release|Any CPU.Build.0 = Release|Any CPU
		{A9C868DC-4CA4-483D-B06D-24380D90DAFE}.Debug|Any CPU.ActiveCfg = Debug|Any CPU
		{A9C868DC-4CA4-483D-B06D-24380D90DAFE}.Debug|Any CPU.Build.0 = Debug|Any CPU
		{A9C868DC-4CA4-483D-B06D-24380D90DAFE}.Release|Any CPU.ActiveCfg = Release|Any CPU
		{A9C868DC-4CA4-483D-B06D-24380D90DAFE}.Release|Any CPU.Build.0 = Release|Any CPU
		{F1385366-6ED8-497D-8695-6816AB5AF185}.Debug|Any CPU.ActiveCfg = Debug|Any CPU
		{F1385366-6ED8-497D-8695-6816AB5AF185}.Debug|Any CPU.Build.0 = Debug|Any CPU
		{F1385366-6ED8-497D-8695-6816AB5AF185}.Release|Any CPU.ActiveCfg = Release|Any CPU
		{F1385366-6ED8-497D-8695-6816AB5AF185}.Release|Any CPU.Build.0 = Release|Any CPU
		{A7F61E7F-CD6A-4934-AD39-142295680255}.Debug|Any CPU.ActiveCfg = Debug|Any CPU
		{A7F61E7F-CD6A-4934-AD39-142295680255}.Debug|Any CPU.Build.0 = Debug|Any CPU
		{A7F61E7F-CD6A-4934-AD39-142295680255}.Release|Any CPU.ActiveCfg = Release|Any CPU
		{A7F61E7F-CD6A-4934-AD39-142295680255}.Release|Any CPU.Build.0 = Release|Any CPU
		{7520D3F4-267E-48D3-A413-78A9031D4EF5}.Debug|Any CPU.ActiveCfg = Debug|Any CPU
		{7520D3F4-267E-48D3-A413-78A9031D4EF5}.Debug|Any CPU.Build.0 = Debug|Any CPU
		{7520D3F4-267E-48D3-A413-78A9031D4EF5}.Release|Any CPU.ActiveCfg = Release|Any CPU
		{7520D3F4-267E-48D3-A413-78A9031D4EF5}.Release|Any CPU.Build.0 = Release|Any CPU
		{287404BF-4DC5-4480-AE1B-87036888383F}.Debug|Any CPU.ActiveCfg = Debug|Any CPU
		{287404BF-4DC5-4480-AE1B-87036888383F}.Debug|Any CPU.Build.0 = Debug|Any CPU
		{287404BF-4DC5-4480-AE1B-87036888383F}.Release|Any CPU.ActiveCfg = Release|Any CPU
		{287404BF-4DC5-4480-AE1B-87036888383F}.Release|Any CPU.Build.0 = Release|Any CPU
		{261F4381-39B4-4D97-97C1-39C8F4519B11}.Debug|Any CPU.ActiveCfg = Debug|Any CPU
		{261F4381-39B4-4D97-97C1-39C8F4519B11}.Debug|Any CPU.Build.0 = Debug|Any CPU
		{261F4381-39B4-4D97-97C1-39C8F4519B11}.Release|Any CPU.ActiveCfg = Release|Any CPU
		{261F4381-39B4-4D97-97C1-39C8F4519B11}.Release|Any CPU.Build.0 = Release|Any CPU
		{7D78ED03-0CCF-468D-A016-049E4095903E}.Debug|Any CPU.ActiveCfg = Debug|Any CPU
		{7D78ED03-0CCF-468D-A016-049E4095903E}.Debug|Any CPU.Build.0 = Debug|Any CPU
		{7D78ED03-0CCF-468D-A016-049E4095903E}.Release|Any CPU.ActiveCfg = Release|Any CPU
		{7D78ED03-0CCF-468D-A016-049E4095903E}.Release|Any CPU.Build.0 = Release|Any CPU
		{4821549C-8B9F-43BE-A607-4165A36B953A}.Debug|Any CPU.ActiveCfg = Debug|Any CPU
		{4821549C-8B9F-43BE-A607-4165A36B953A}.Debug|Any CPU.Build.0 = Debug|Any CPU
		{4821549C-8B9F-43BE-A607-4165A36B953A}.Release|Any CPU.ActiveCfg = Release|Any CPU
		{4821549C-8B9F-43BE-A607-4165A36B953A}.Release|Any CPU.Build.0 = Release|Any CPU
		{76C37C36-4360-4E98-B57A-5838021AF45B}.Debug|Any CPU.ActiveCfg = Debug|Any CPU
		{76C37C36-4360-4E98-B57A-5838021AF45B}.Debug|Any CPU.Build.0 = Debug|Any CPU
		{76C37C36-4360-4E98-B57A-5838021AF45B}.Release|Any CPU.ActiveCfg = Release|Any CPU
		{76C37C36-4360-4E98-B57A-5838021AF45B}.Release|Any CPU.Build.0 = Release|Any CPU
	EndGlobalSection
	GlobalSection(SolutionProperties) = preSolution
		HideSolutionNode = FALSE
	EndGlobalSection
	GlobalSection(ExtensibilityGlobals) = postSolution
		SolutionGuid = {1455B8B9-BBDC-4230-B7F2-8101191E82B7}
	EndGlobalSection
EndGlobal
