
Microsoft Visual Studio Solution File, Format Version 12.00
# Visual Studio Version 17
VisualStudioVersion = 17.2.32630.192
MinimumVisualStudioVersion = 10.0.40219.1
Project("{9A19103F-16F7-4668-BE54-9A1E7A4F7556}") = "Daperconsole", "Daperconsole\Daperconsole.csproj", "{EBF10E12-8CF9-4B37-B0E0-CD5B46D4440C}"
EndProject
Project("{9A19103F-16F7-4668-BE54-9A1E7A4F7556}") = "GroceryStore", "GroceryStore\GroceryStore.csproj", "{0B3238A8-32CD-4B2A-803C-AA42A27C404A}"
EndProject
Project("{9A19103F-16F7-4668-BE54-9A1E7A4F7556}") = "GroceryStoreDemo", "GroceryStoreDemo\GroceryStoreDemo.csproj", "{F5187C55-9DF5-4B92-A9F9-AE98ED46B1C4}"
EndProject
Project("{9A19103F-16F7-4668-BE54-9A1E7A4F7556}") = "CoffeeShopProductListLab", "CoffeeShopProductListLab\CoffeeShopProductListLab.csproj", "{A5405F30-150F-4CCE-AB4F-4F0B1CF2466B}"
EndProject
Project("{FAE04EC0-301F-11D3-BF4B-00C04F79EFBC}") = "BusinessPortal", "BusinessPortal\BusinessPortal.csproj", "{23AACD70-F828-4680-A021-078E8126CE8E}"
EndProject
Global
	GlobalSection(SolutionConfigurationPlatforms) = preSolution
		Debug|Any CPU = Debug|Any CPU
		Release|Any CPU = Release|Any CPU
	EndGlobalSection
	GlobalSection(ProjectConfigurationPlatforms) = postSolution
		{EBF10E12-8CF9-4B37-B0E0-CD5B46D4440C}.Debug|Any CPU.ActiveCfg = Debug|Any CPU
		{EBF10E12-8CF9-4B37-B0E0-CD5B46D4440C}.Debug|Any CPU.Build.0 = Debug|Any CPU
		{EBF10E12-8CF9-4B37-B0E0-CD5B46D4440C}.Release|Any CPU.ActiveCfg = Release|Any CPU
		{EBF10E12-8CF9-4B37-B0E0-CD5B46D4440C}.Release|Any CPU.Build.0 = Release|Any CPU
		{0B3238A8-32CD-4B2A-803C-AA42A27C404A}.Debug|Any CPU.ActiveCfg = Debug|Any CPU
		{0B3238A8-32CD-4B2A-803C-AA42A27C404A}.Debug|Any CPU.Build.0 = Debug|Any CPU
		{0B3238A8-32CD-4B2A-803C-AA42A27C404A}.Release|Any CPU.ActiveCfg = Release|Any CPU
		{0B3238A8-32CD-4B2A-803C-AA42A27C404A}.Release|Any CPU.Build.0 = Release|Any CPU
		{F5187C55-9DF5-4B92-A9F9-AE98ED46B1C4}.Debug|Any CPU.ActiveCfg = Debug|Any CPU
		{F5187C55-9DF5-4B92-A9F9-AE98ED46B1C4}.Debug|Any CPU.Build.0 = Debug|Any CPU
		{F5187C55-9DF5-4B92-A9F9-AE98ED46B1C4}.Release|Any CPU.ActiveCfg = Release|Any CPU
		{F5187C55-9DF5-4B92-A9F9-AE98ED46B1C4}.Release|Any CPU.Build.0 = Release|Any CPU
		{A5405F30-150F-4CCE-AB4F-4F0B1CF2466B}.Debug|Any CPU.ActiveCfg = Debug|Any CPU
		{A5405F30-150F-4CCE-AB4F-4F0B1CF2466B}.Debug|Any CPU.Build.0 = Debug|Any CPU
		{A5405F30-150F-4CCE-AB4F-4F0B1CF2466B}.Release|Any CPU.ActiveCfg = Release|Any CPU
		{A5405F30-150F-4CCE-AB4F-4F0B1CF2466B}.Release|Any CPU.Build.0 = Release|Any CPU
		{23AACD70-F828-4680-A021-078E8126CE8E}.Debug|Any CPU.ActiveCfg = Debug|Any CPU
		{23AACD70-F828-4680-A021-078E8126CE8E}.Debug|Any CPU.Build.0 = Debug|Any CPU
		{23AACD70-F828-4680-A021-078E8126CE8E}.Release|Any CPU.ActiveCfg = Release|Any CPU
		{23AACD70-F828-4680-A021-078E8126CE8E}.Release|Any CPU.Build.0 = Release|Any CPU
	EndGlobalSection
	GlobalSection(SolutionProperties) = preSolution
		HideSolutionNode = FALSE
	EndGlobalSection
	GlobalSection(ExtensibilityGlobals) = postSolution
		SolutionGuid = {7A13A11D-7192-4A5C-A22E-6B66A7DABB3F}
	EndGlobalSection
EndGlobal
