
Microsoft Visual Studio Solution File, Format Version 12.00
# Visual Studio Version 17
VisualStudioVersion = 17.2.32630.192
MinimumVisualStudioVersion = 10.0.40219.1
Project("{FAE04EC0-301F-11D3-BF4B-00C04F79EFBC}") = "Assessment3_ljohnson3", "Assessment3_ljohnson3\Assessment3_ljohnson3.csproj", "{39D4D198-A2E6-41F4-90D9-095BE05D2748}"
EndProject
Global
	GlobalSection(SolutionConfigurationPlatforms) = preSolution
		Debug|Any CPU = Debug|Any CPU
		Release|Any CPU = Release|Any CPU
	EndGlobalSection
	GlobalSection(ProjectConfigurationPlatforms) = postSolution
		{39D4D198-A2E6-41F4-90D9-095BE05D2748}.Debug|Any CPU.ActiveCfg = Debug|Any CPU
		{39D4D198-A2E6-41F4-90D9-095BE05D2748}.Debug|Any CPU.Build.0 = Debug|Any CPU
		{39D4D198-A2E6-41F4-90D9-095BE05D2748}.Release|Any CPU.ActiveCfg = Release|Any CPU
		{39D4D198-A2E6-41F4-90D9-095BE05D2748}.Release|Any CPU.Build.0 = Release|Any CPU
	EndGlobalSection
	GlobalSection(SolutionProperties) = preSolution
		HideSolutionNode = FALSE
	EndGlobalSection
	GlobalSection(ExtensibilityGlobals) = postSolution
		SolutionGuid = {E87CFA04-679E-4FB2-B0EB-014C7598C2B4}
	EndGlobalSection
EndGlobal
