
Microsoft Visual Studio Solution File, Format Version 12.00
# Visual Studio Version 17
VisualStudioVersion = 17.2.32630.192
MinimumVisualStudioVersion = 10.0.40219.1
Project("{FAE04EC0-301F-11D3-BF4B-00C04F79EFBC}") = "Riddle", "Riddle\Riddle.csproj", "{7B3713B8-3570-42A3-8436-75D8D58165C9}"
EndProject
Global
	GlobalSection(SolutionConfigurationPlatforms) = preSolution
		Debug|Any CPU = Debug|Any CPU
		Release|Any CPU = Release|Any CPU
	EndGlobalSection
	GlobalSection(ProjectConfigurationPlatforms) = postSolution
		{7B3713B8-3570-42A3-8436-75D8D58165C9}.Debug|Any CPU.ActiveCfg = Debug|Any CPU
		{7B3713B8-3570-42A3-8436-75D8D58165C9}.Debug|Any CPU.Build.0 = Debug|Any CPU
		{7B3713B8-3570-42A3-8436-75D8D58165C9}.Release|Any CPU.ActiveCfg = Release|Any CPU
		{7B3713B8-3570-42A3-8436-75D8D58165C9}.Release|Any CPU.Build.0 = Release|Any CPU
	EndGlobalSection
	GlobalSection(SolutionProperties) = preSolution
		HideSolutionNode = FALSE
	EndGlobalSection
	GlobalSection(ExtensibilityGlobals) = postSolution
		SolutionGuid = {AD21EB8F-12EC-4A3D-A81E-6D26352E3944}
	EndGlobalSection
EndGlobal
