
Microsoft Visual Studio Solution File, Format Version 12.00
# Visual Studio Version 17
VisualStudioVersion = 17.1.32421.90
MinimumVisualStudioVersion = 10.0.40219.1
Project("{9A19103F-16F7-4668-BE54-9A1E7A4F7556}") = "HtmlPractice", "HtmlPractice\HtmlPractice.csproj", "{442B4172-35EB-4C63-B155-EF8B87486E29}"
EndProject
Project("{9A19103F-16F7-4668-BE54-9A1E7A4F7556}") = "FormDemo", "FormDemo\FormDemo.csproj", "{3A0A8F86-AE31-46A3-B972-97ECEE02CC8C}"
EndProject
Project("{9A19103F-16F7-4668-BE54-9A1E7A4F7556}") = "ControllerPractice1", "ControllerPractice1\ControllerPractice1.csproj", "{C1DA583A-9914-4243-B1BB-C0110F180779}"
EndProject
Project("{9A19103F-16F7-4668-BE54-9A1E7A4F7556}") = "ModelDemo1", "ModelDemo1\ModelDemo1.csproj", "{63636F84-3DED-43A0-9F8C-4AC5AB4E8F2E}"
EndProject
Project("{FAE04EC0-301F-11D3-BF4B-00C04F79EFBC}") = "Practice1", "Practice1\Practice1.csproj", "{BB77B570-6924-4CF0-B754-141CA7981550}"
EndProject
Project("{FAE04EC0-301F-11D3-BF4B-00C04F79EFBC}") = "Practice1ThereWay", "Practice1ThereWay\Practice1ThereWay.csproj", "{393308AD-F26C-45E1-91A8-9735525F6F9E}"
EndProject
Project("{FAE04EC0-301F-11D3-BF4B-00C04F79EFBC}") = "InstrumentsDemo", "InstrumentsDemo\InstrumentsDemo.csproj", "{FE7F89BD-45D0-4072-A12D-13DB155614D1}"
EndProject
Project("{FAE04EC0-301F-11D3-BF4B-00C04F79EFBC}") = "HttpGetPractice", "HttpGetPractice\HttpGetPractice.csproj", "{42B489D5-8947-40E7-A0F4-0343B7B1BA63}"
EndProject
Project("{FAE04EC0-301F-11D3-BF4B-00C04F79EFBC}") = "TacoBellItem", "TacoBellItem\TacoBellItem.csproj", "{48563240-316B-4F39-8487-B9E3D40516D5}"
EndProject
Global
	GlobalSection(SolutionConfigurationPlatforms) = preSolution
		Debug|Any CPU = Debug|Any CPU
		Release|Any CPU = Release|Any CPU
	EndGlobalSection
	GlobalSection(ProjectConfigurationPlatforms) = postSolution
		{442B4172-35EB-4C63-B155-EF8B87486E29}.Debug|Any CPU.ActiveCfg = Debug|Any CPU
		{442B4172-35EB-4C63-B155-EF8B87486E29}.Debug|Any CPU.Build.0 = Debug|Any CPU
		{442B4172-35EB-4C63-B155-EF8B87486E29}.Release|Any CPU.ActiveCfg = Release|Any CPU
		{442B4172-35EB-4C63-B155-EF8B87486E29}.Release|Any CPU.Build.0 = Release|Any CPU
		{3A0A8F86-AE31-46A3-B972-97ECEE02CC8C}.Debug|Any CPU.ActiveCfg = Debug|Any CPU
		{3A0A8F86-AE31-46A3-B972-97ECEE02CC8C}.Debug|Any CPU.Build.0 = Debug|Any CPU
		{3A0A8F86-AE31-46A3-B972-97ECEE02CC8C}.Release|Any CPU.ActiveCfg = Release|Any CPU
		{3A0A8F86-AE31-46A3-B972-97ECEE02CC8C}.Release|Any CPU.Build.0 = Release|Any CPU
		{C1DA583A-9914-4243-B1BB-C0110F180779}.Debug|Any CPU.ActiveCfg = Debug|Any CPU
		{C1DA583A-9914-4243-B1BB-C0110F180779}.Debug|Any CPU.Build.0 = Debug|Any CPU
		{C1DA583A-9914-4243-B1BB-C0110F180779}.Release|Any CPU.ActiveCfg = Release|Any CPU
		{C1DA583A-9914-4243-B1BB-C0110F180779}.Release|Any CPU.Build.0 = Release|Any CPU
		{63636F84-3DED-43A0-9F8C-4AC5AB4E8F2E}.Debug|Any CPU.ActiveCfg = Debug|Any CPU
		{63636F84-3DED-43A0-9F8C-4AC5AB4E8F2E}.Debug|Any CPU.Build.0 = Debug|Any CPU
		{63636F84-3DED-43A0-9F8C-4AC5AB4E8F2E}.Release|Any CPU.ActiveCfg = Release|Any CPU
		{63636F84-3DED-43A0-9F8C-4AC5AB4E8F2E}.Release|Any CPU.Build.0 = Release|Any CPU
		{BB77B570-6924-4CF0-B754-141CA7981550}.Debug|Any CPU.ActiveCfg = Debug|Any CPU
		{BB77B570-6924-4CF0-B754-141CA7981550}.Debug|Any CPU.Build.0 = Debug|Any CPU
		{BB77B570-6924-4CF0-B754-141CA7981550}.Release|Any CPU.ActiveCfg = Release|Any CPU
		{BB77B570-6924-4CF0-B754-141CA7981550}.Release|Any CPU.Build.0 = Release|Any CPU
		{393308AD-F26C-45E1-91A8-9735525F6F9E}.Debug|Any CPU.ActiveCfg = Debug|Any CPU
		{393308AD-F26C-45E1-91A8-9735525F6F9E}.Debug|Any CPU.Build.0 = Debug|Any CPU
		{393308AD-F26C-45E1-91A8-9735525F6F9E}.Release|Any CPU.ActiveCfg = Release|Any CPU
		{393308AD-F26C-45E1-91A8-9735525F6F9E}.Release|Any CPU.Build.0 = Release|Any CPU
		{FE7F89BD-45D0-4072-A12D-13DB155614D1}.Debug|Any CPU.ActiveCfg = Debug|Any CPU
		{FE7F89BD-45D0-4072-A12D-13DB155614D1}.Debug|Any CPU.Build.0 = Debug|Any CPU
		{FE7F89BD-45D0-4072-A12D-13DB155614D1}.Release|Any CPU.ActiveCfg = Release|Any CPU
		{FE7F89BD-45D0-4072-A12D-13DB155614D1}.Release|Any CPU.Build.0 = Release|Any CPU
		{42B489D5-8947-40E7-A0F4-0343B7B1BA63}.Debug|Any CPU.ActiveCfg = Debug|Any CPU
		{42B489D5-8947-40E7-A0F4-0343B7B1BA63}.Debug|Any CPU.Build.0 = Debug|Any CPU
		{42B489D5-8947-40E7-A0F4-0343B7B1BA63}.Release|Any CPU.ActiveCfg = Release|Any CPU
		{42B489D5-8947-40E7-A0F4-0343B7B1BA63}.Release|Any CPU.Build.0 = Release|Any CPU
		{48563240-316B-4F39-8487-B9E3D40516D5}.Debug|Any CPU.ActiveCfg = Debug|Any CPU
		{48563240-316B-4F39-8487-B9E3D40516D5}.Debug|Any CPU.Build.0 = Debug|Any CPU
		{48563240-316B-4F39-8487-B9E3D40516D5}.Release|Any CPU.ActiveCfg = Release|Any CPU
		{48563240-316B-4F39-8487-B9E3D40516D5}.Release|Any CPU.Build.0 = Release|Any CPU
	EndGlobalSection
	GlobalSection(SolutionProperties) = preSolution
		HideSolutionNode = FALSE
	EndGlobalSection
	GlobalSection(ExtensibilityGlobals) = postSolution
		SolutionGuid = {15C4A0D9-C57F-440C-8106-B0DAC9B6AD44}
	EndGlobalSection
EndGlobal
