
Microsoft Visual Studio Solution File, Format Version 12.00
# Visual Studio Version 17
VisualStudioVersion = 17.2.32630.192
MinimumVisualStudioVersion = 10.0.40219.1
Project("{FAE04EC0-301F-11D3-BF4B-00C04F79EFBC}") = "CoffeeShopRegistration", "CoffeeShopRegistration\CoffeeShopRegistration.csproj", "{EB0DA374-C6B0-47D3-88CC-F6180051655B}"
EndProject
Global
	GlobalSection(SolutionConfigurationPlatforms) = preSolution
		Debug|Any CPU = Debug|Any CPU
		Release|Any CPU = Release|Any CPU
	EndGlobalSection
	GlobalSection(ProjectConfigurationPlatforms) = postSolution
		{EB0DA374-C6B0-47D3-88CC-F6180051655B}.Debug|Any CPU.ActiveCfg = Debug|Any CPU
		{EB0DA374-C6B0-47D3-88CC-F6180051655B}.Debug|Any CPU.Build.0 = Debug|Any CPU
		{EB0DA374-C6B0-47D3-88CC-F6180051655B}.Release|Any CPU.ActiveCfg = Release|Any CPU
		{EB0DA374-C6B0-47D3-88CC-F6180051655B}.Release|Any CPU.Build.0 = Release|Any CPU
	EndGlobalSection
	GlobalSection(SolutionProperties) = preSolution
		HideSolutionNode = FALSE
	EndGlobalSection
	GlobalSection(ExtensibilityGlobals) = postSolution
		SolutionGuid = {E9195BA3-BE8B-47F5-8480-5DDD0512D35F}
	EndGlobalSection
EndGlobal
